
Microsoft Visual Studio Solution File, Format Version 12.00
# Visual Studio Version 17
VisualStudioVersion = 17.10.34928.147
MinimumVisualStudioVersion = 10.0.40219.1
Project("{2150E333-8FDC-42A3-9474-1A3956D46DE8}") = "CommonInitializer", "CommonInitializer", "{EC3DF74A-0A35-400D-A5C3-CBA097841CA6}"
	ProjectSection(SolutionItems) = preProject
		readme.txt = readme.txt
	EndProjectSection
EndProject
Project("{FAE04EC0-301F-11D3-BF4B-00C04F79EFBC}") = "CommonInitializer", "CommonInitializer\CommonInitializer.csproj", "{B974BE88-A953-4940-81F8-F7E8AA784DA7}"
EndProject
Global
	GlobalSection(SolutionConfigurationPlatforms) = preSolution
		Debug|Any CPU = Debug|Any CPU
		Release|Any CPU = Release|Any CPU
	EndGlobalSection
	GlobalSection(ProjectConfigurationPlatforms) = postSolution
		{B974BE88-A953-4940-81F8-F7E8AA784DA7}.Debug|Any CPU.ActiveCfg = Debug|Any CPU
		{B974BE88-A953-4940-81F8-F7E8AA784DA7}.Debug|Any CPU.Build.0 = Debug|Any CPU
		{B974BE88-A953-4940-81F8-F7E8AA784DA7}.Release|Any CPU.ActiveCfg = Release|Any CPU
		{B974BE88-A953-4940-81F8-F7E8AA784DA7}.Release|Any CPU.Build.0 = Release|Any CPU
	EndGlobalSection
	GlobalSection(SolutionProperties) = preSolution
		HideSolutionNode = FALSE
	EndGlobalSection
	GlobalSection(NestedProjects) = preSolution
		{B974BE88-A953-4940-81F8-F7E8AA784DA7} = {EC3DF74A-0A35-400D-A5C3-CBA097841CA6}
	EndGlobalSection
	GlobalSection(ExtensibilityGlobals) = postSolution
		SolutionGuid = {CBB43D94-1C5C-4114-9E2E-F450937DE63A}
	EndGlobalSection
EndGlobal
